
Microsoft Visual Studio Solution File, Format Version 12.00
# Visual Studio Version 17
VisualStudioVersion = 17.5.002.0
MinimumVisualStudioVersion = 10.0.40219.1
Project("{9A19103F-16F7-4668-BE54-9A1E7A4F7556}") = "libraryy", "libraryy.csproj", "{22FBFBD6-AACF-41B7-9E81-AB391813AD8B}"
EndProject
Global
	GlobalSection(SolutionConfigurationPlatforms) = preSolution
		Debug|Any CPU = Debug|Any CPU
		Release|Any CPU = Release|Any CPU
	EndGlobalSection
	GlobalSection(ProjectConfigurationPlatforms) = postSolution
		{22FBFBD6-AACF-41B7-9E81-AB391813AD8B}.Debug|Any CPU.ActiveCfg = Debug|Any CPU
		{22FBFBD6-AACF-41B7-9E81-AB391813AD8B}.Debug|Any CPU.Build.0 = Debug|Any CPU
		{22FBFBD6-AACF-41B7-9E81-AB391813AD8B}.Release|Any CPU.ActiveCfg = Release|Any CPU
		{22FBFBD6-AACF-41B7-9E81-AB391813AD8B}.Release|Any CPU.Build.0 = Release|Any CPU
	EndGlobalSection
	GlobalSection(SolutionProperties) = preSolution
		HideSolutionNode = FALSE
	EndGlobalSection
	GlobalSection(ExtensibilityGlobals) = postSolution
		SolutionGuid = {19FDA693-3662-4A96-9455-9EA5F0B64AFF}
	EndGlobalSection
EndGlobal
